// !$*UTF8*$!
{
	archiveVersion = 1;
	classes = {
	};
	objectVersion = 48;
	objects = {

/* Begin PBXBuildFile section */
		2F2E8B1721CDAC1800E70739 /* AppDelegate.m in Sources */ = {isa = PBXBuildFile; fileRef = 2F2E8B1621CDAC1800E70739 /* AppDelegate.m */; };
		2F2E8B1A21CDAC1800E70739 /* ViewController.m in Sources */ = {isa = PBXBuildFile; fileRef = 2F2E8B1921CDAC1800E70739 /* ViewController.m */; };
		2F2E8B1D21CDAC1800E70739 /* Main.storyboard in Resources */ = {isa = PBXBuildFile; fileRef = 2F2E8B1B21CDAC1800E70739 /* Main.storyboard */; };
		2F2E8B1F21CDAC1800E70739 /* Assets.xcassets in Resources */ = {isa = PBXBuildFile; fileRef = 2F2E8B1E21CDAC1800E70739 /* Assets.xcassets */; };
		2F2E8B2221CDAC1800E70739 /* LaunchScreen.storyboard in Resources */ = {isa = PBXBuildFile; fileRef = 2F2E8B2021CDAC1800E70739 /* LaunchScreen.storyboard */; };
		2F2E8B2521CDAC1800E70739 /* main.m in Sources */ = {isa = PBXBuildFile; fileRef = 2F2E8B2421CDAC1800E70739 /* main.m */; };
		2F2E8B2E21CDAC3300E70739 /* UIImage+resize.m in Sources */ = {isa = PBXBuildFile; fileRef = 2F2E8B2D21CDAC3300E70739 /* UIImage+resize.m */; };
		2F2E8B3021CDAECF00E70739 /* a.png in Resources */ = {isa = PBXBuildFile; fileRef = 2F2E8B2F21CDAECE00E70739 /* a.png */; };
		2F2E8B3221CDB24300E70739 /* b@2x.png in Resources */ = {isa = PBXBuildFile; fileRef = 2F2E8B3121CDB24300E70739 /* b@2x.png */; };
/* End PBXBuildFile section */

/* Begin PBXFileReference section */
		2F2E8B1221CDAC1800E70739 /* RGResizeImage.app */ = {isa = PBXFileReference; explicitFileType = wrapper.application; includeInIndex = 0; path = RGResizeImage.app; sourceTree = BUILT_PRODUCTS_DIR; };
		2F2E8B1521CDAC1800E70739 /* AppDelegate.h */ = {isa = PBXFileReference; lastKnownFileType = sourcecode.c.h; path = AppDelegate.h; sourceTree = "<group>"; };
		2F2E8B1621CDAC1800E70739 /* AppDelegate.m */ = {isa = PBXFileReference; lastKnownFileType = sourcecode.c.objc; path = AppDelegate.m; sourceTree = "<group>"; };
		2F2E8B1821CDAC1800E70739 /* ViewController.h */ = {isa = PBXFileReference; lastKnownFileType = sourcecode.c.h; path = ViewController.h; sourceTree = "<group>"; };
		2F2E8B1921CDAC1800E70739 /* ViewController.m */ = {isa = PBXFileReference; lastKnownFileType = sourcecode.c.objc; path = ViewController.m; sourceTree = "<group>"; };
		2F2E8B1C21CDAC1800E70739 /* Base */ = {isa = PBXFileReference; lastKnownFileType = file.storyboard; name = Base; path = Base.lproj/Main.storyboard; sourceTree = "<group>"; };
		2F2E8B1E21CDAC1800E70739 /* Assets.xcassets */ = {isa = PBXFileReference; lastKnownFileType = folder.assetcatalog; path = Assets.xcassets; sourceTree = "<group>"; };
		2F2E8B2121CDAC1800E70739 /* Base */ = {isa = PBXFileReference; lastKnownFileType = file.storyboard; name = Base; path = Base.lproj/LaunchScreen.storyboard; sourceTree = "<group>"; };
		2F2E8B2321CDAC1800E70739 /* Info.plist */ = {isa = PBXFileReference; lastKnownFileType = text.plist.xml; path = Info.plist; sourceTree = "<group>"; };
		2F2E8B2421CDAC1800E70739 /* main.m */ = {isa = PBXFileReference; lastKnownFileType = sourcecode.c.objc; path = main.m; sourceTree = "<group>"; };
		2F2E8B2C21CDAC3300E70739 /* UIImage+resize.h */ = {isa = PBXFileReference; lastKnownFileType = sourcecode.c.h; path = "UIImage+resize.h"; sourceTree = "<group>"; };
		2F2E8B2D21CDAC3300E70739 /* UIImage+resize.m */ = {isa = PBXFileReference; lastKnownFileType = sourcecode.c.objc; path = "UIImage+resize.m"; sourceTree = "<group>"; };
		2F2E8B2F21CDAECE00E70739 /* a.png */ = {isa = PBXFileReference; lastKnownFileType = image.png; path = a.png; sourceTree = "<group>"; };
		2F2E8B3121CDB24300E70739 /* b@2x.png */ = {isa = PBXFileReference; lastKnownFileType = image.png; path = "b@2x.png"; sourceTree = "<group>"; };
/* End PBXFileReference section */

/* Begin PBXFrameworksBuildPhase section */
		2F2E8B0F21CDAC1800E70739 /* Frameworks */ = {
			isa = PBXFrameworksBuildPhase;
			buildActionMask = 2147483647;
			files = (
			);
			runOnlyForDeploymentPostprocessing = 0;
		};
/* End PBXFrameworksBuildPhase section */

/* Begin PBXGroup section */
		2F2E8B0921CDAC1800E70739 = {
			isa = PBXGroup;
			children = (
				2F2E8B1421CDAC1800E70739 /* RGResizeImage */,
				2F2E8B1321CDAC1800E70739 /* Products */,
			);
			sourceTree = "<group>";
		};
		2F2E8B1321CDAC1800E70739 /* Products */ = {
			isa = PBXGroup;
			children = (
				2F2E8B1221CDAC1800E70739 /* RGResizeImage.app */,
			);
			name = Products;
			sourceTree = "<group>";
		};
		2F2E8B1421CDAC1800E70739 /* RGResizeImage */ = {
			isa = PBXGroup;
			children = (
				2F2E8B2F21CDAECE00E70739 /* a.png */,
				2F2E8B3121CDB24300E70739 /* b@2x.png */,
				2F2E8B1521CDAC1800E70739 /* AppDelegate.h */,
				2F2E8B1621CDAC1800E70739 /* AppDelegate.m */,
				2F2E8B1821CDAC1800E70739 /* ViewController.h */,
				2F2E8B1921CDAC1800E70739 /* ViewController.m */,
				2F2E8B2B21CDAC1E00E70739 /* class */,
				2F2E8B1B21CDAC1800E70739 /* Main.storyboard */,
				2F2E8B1E21CDAC1800E70739 /* Assets.xcassets */,
				2F2E8B2021CDAC1800E70739 /* LaunchScreen.storyboard */,
				2F2E8B2321CDAC1800E70739 /* Info.plist */,
				2F2E8B2421CDAC1800E70739 /* main.m */,
			);
			path = RGResizeImage;
			sourceTree = "<group>";
		};
		2F2E8B2B21CDAC1E00E70739 /* class */ = {
			isa = PBXGroup;
			children = (
				2F2E8B2C21CDAC3300E70739 /* UIImage+resize.h */,
				2F2E8B2D21CDAC3300E70739 /* UIImage+resize.m */,
			);
			path = class;
			sourceTree = "<group>";
		};
/* End PBXGroup section */

/* Begin PBXNativeTarget section */
		2F2E8B1121CDAC1800E70739 /* RGResizeImage */ = {
			isa = PBXNativeTarget;
			buildConfigurationList = 2F2E8B2821CDAC1800E70739 /* Build configuration list for PBXNativeTarget "RGResizeImage" */;
			buildPhases = (
				2F2E8B0E21CDAC1800E70739 /* Sources */,
				2F2E8B0F21CDAC1800E70739 /* Frameworks */,
				2F2E8B1021CDAC1800E70739 /* Resources */,
			);
			buildRules = (
			);
			dependencies = (
			);
			name = RGResizeImage;
			productName = RGResizeImage;
			productReference = 2F2E8B1221CDAC1800E70739 /* RGResizeImage.app */;
			productType = "com.apple.product-type.application";
		};
/* End PBXNativeTarget section */

/* Begin PBXProject section */
		2F2E8B0A21CDAC1800E70739 /* Project object */ = {
			isa = PBXProject;
			attributes = {
				LastUpgradeCheck = 0920;
				ORGANIZATIONNAME = yangrui;
				TargetAttributes = {
					2F2E8B1121CDAC1800E70739 = {
						CreatedOnToolsVersion = 9.2;
						ProvisioningStyle = Automatic;
					};
				};
			};
			buildConfigurationList = 2F2E8B0D21CDAC1800E70739 /* Build configuration list for PBXProject "RGResizeImage" */;
			compatibilityVersion = "Xcode 8.0";
			developmentRegion = en;
			hasScannedForEncodings = 0;
			knownRegions = (
				en,
				Base,
			);
			mainGroup = 2F2E8B0921CDAC1800E70739;
			productRefGroup = 2F2E8B1321CDAC1800E70739 /* Products */;
			projectDirPath = "";
			projectRoot = "";
			targets = (
				2F2E8B1121CDAC1800E70739 /* RGResizeImage */,
			);
		};
/* End PBXProject section */

/* Begin PBXResourcesBuildPhase section */
		2F2E8B1021CDAC1800E70739 /* Resources */ = {
			isa = PBXResourcesBuildPhase;
			buildActionMask = 2147483647;
			files = (
				2F2E8B2221CDAC1800E70739 /* LaunchScreen.storyboard in Resources */,
				2F2E8B3221CDB24300E70739 /* b@2x.png in Resources */,
				2F2E8B3021CDAECF00E70739 /* a.png in Resources */,
				2F2E8B1F21CDAC1800E70739 /* Assets.xcassets in Resources */,
				2F2E8B1D21CDAC1800E70739 /* Main.storyboard in Resources */,
			);
			runOnlyForDeploymentPostprocessing = 0;
		};
/* End PBXResourcesBuildPhase section */

/* Begin PBXSourcesBuildPhase section */
		2F2E8B0E21CDAC1800E70739 /* Sources */ = {
			isa = PBXSourcesBuildPhase;
			buildActionMask = 2147483647;
			files = (
				2F2E8B1A21CDAC1800E70739 /* ViewController.m in Sources */,
				2F2E8B2E21CDAC3300E70739 /* UIImage+resize.m in Sources */,
				2F2E8B2521CDAC1800E70739 /* main.m in Sources */,
				2F2E8B1721CDAC1800E70739 /* AppDelegate.m in Sources */,
			);
			runOnlyForDeploymentPostprocessing = 0;
		};
/* End PBXSourcesBuildPhase section */

/* Begin PBXVariantGroup section */
		2F2E8B1B21CDAC1800E70739 /* Main.storyboard */ = {
			isa = PBXVariantGroup;
			children = (
				2F2E8B1C21CDAC1800E70739 /* Base */,
			);
			name = Main.storyboard;
			sourceTree = "<group>";
		};
		2F2E8B2021CDAC1800E70739 /* LaunchScreen.storyboard */ = {
			isa = PBXVariantGroup;
			children = (
				2F2E8B2121CDAC1800E70739 /* Base */,
			);
			name = LaunchScreen.storyboard;
			sourceTree = "<group>";
		};
/* End PBXVariantGroup section */

/* Begin XCBuildConfiguration section */
		2F2E8B2621CDAC1800E70739 /* Debug */ = {
			isa = XCBuildConfiguration;
			buildSettings = {
				ALWAYS_SEARCH_USER_PATHS = NO;
				CLANG_ANALYZER_NONNULL = YES;
				CLANG_ANALYZER_NUMBER_OBJECT_CONVERSION = YES_AGGRESSIVE;
				CLANG_CXX_LANGUAGE_STANDARD = "gnu++14";
				CLANG_CXX_LIBRARY = "libc++";
				CLANG_ENABLE_MODULES = YES;
				CLANG_ENABLE_OBJC_ARC = YES;
				CLANG_WARN_BLOCK_CAPTURE_AUTORELEASING = YES;
				CLANG_WARN_BOOL_CONVERSION = YES;
				CLANG_WARN_COMMA = YES;
				CLANG_WARN_CONSTANT_CONVERSION = YES;
				CLANG_WARN_DIRECT_OBJC_ISA_USAGE = YES_ERROR;
				CLANG_WARN_DOCUMENTATION_COMMENTS = YES;
				CLANG_WARN_EMPTY_BODY = YES;
				CLANG_WARN_ENUM_CONVERSION = YES;
				CLANG_WARN_INFINITE_RECURSION = YES;
				CLANG_WARN_INT_CONVERSION = YES;
				CLANG_WARN_NON_LITERAL_NULL_CONVERSION = YES;
				CLANG_WARN_OBJC_LITERAL_CONVERSION = YES;
				CLANG_WARN_OBJC_ROOT_CLASS = YES_ERROR;
				CLANG_WARN_RANGE_LOOP_ANALYSIS = YES;
				CLANG_WARN_STRICT_PROTOTYPES = YES;
				CLANG_WARN_SUSPICIOUS_MOVE = YES;
				CLANG_WARN_UNGUARDED_AVAILABILITY = YES_AGGRESSIVE;
				CLANG_WARN_UNREACHABLE_CODE = YES;
				CLANG_WARN__DUPLICATE_METHOD_MATCH = YES;
				CODE_SIGN_IDENTITY = "iPhone Developer";
				COPY_PHASE_STRIP = NO;
				DEBUG_INFORMATION_FORMAT = dwarf;
				ENABLE_STRICT_OBJC_MSGSEND = YES;
				ENABLE_TESTABILITY = YES;
				GCC_C_LANGUAGE_STANDARD = gnu11;
				GCC_DYNAMIC_NO_PIC = NO;
				GCC_NO_COMMON_BLOCKS = YES;
				GCC_OPTIMIZATION_LEVEL = 0;
				GCC_PREPROCESSOR_DEFINITIONS = (
					"DEBUG=1",
					"$(inherited)",
				);
				GCC_WARN_64_TO_32_BIT_CONVERSION = YES;
				GCC_WARN_ABOUT_RETURN_TYPE = YES_ERROR;
				GCC_WARN_UNDECLARED_SELECTOR = YES;
				GCC_WARN_UNINITIALIZED_AUTOS = YES_AGGRESSIVE;
				GCC_WARN_UNUSED_FUNCTION = YES;
				GCC_WARN_UNUSED_VARIABLE = YES;
				IPHONEOS_DEPLOYMENT_TARGET = 11.2;
				MTL_ENABLE_DEBUG_INFO = YES;
				ONLY_ACTIVE_ARCH = YES;
				SDKROOT = iphoneos;
			};
			name = Debug;
		};
		2F2E8B2721CDAC1800E70739 /* Release */ = {
			isa = XCBuildConfiguration;
			buildSettings = {
				ALWAYS_SEARCH_USER_PATHS = NO;
				CLANG_ANALYZER_NONNULL = YES;
				CLANG_ANALYZER_NUMBER_OBJECT_CONVERSION = YES_AGGRESSIVE;
				CLANG_CXX_LANGUAGE_STANDARD = "gnu++14";
				CLANG_CXX_LIBRARY = "libc++";
				CLANG_ENABLE_MODULES = YES;
				CLANG_ENABLE_OBJC_ARC = YES;
				CLANG_WARN_BLOCK_CAPTURE_AUTORELEASING = YES;
				CLANG_WARN_BOOL_CONVERSION = YES;
				CLANG_WARN_COMMA = YES;
				CLANG_WARN_CONSTANT_CONVERSION = YES;
				CLANG_WARN_DIRECT_OBJC_ISA_USAGE = YES_ERROR;
				CLANG_WARN_DOCUMENTATION_COMMENTS = YES;
				CLANG_WARN_EMPTY_BODY = YES;
				CLANG_WARN_ENUM_CONVERSION = YES;
				CLANG_WARN_INFINITE_RECURSION = YES;
				CLANG_WARN_INT_CONVERSION = YES;
				CLANG_WARN_NON_LITERAL_NULL_CONVERSION = YES;
				CLANG_WARN_OBJC_LITERAL_CONVERSION = YES;
				CLANG_WARN_OBJC_ROOT_CLASS = YES_ERROR;
				CLANG_WARN_RANGE_LOOP_ANALYSIS = YES;
				CLANG_WARN_STRICT_PROTOTYPES = YES;
				CLANG_WARN_SUSPICIOUS_MOVE = YES;
				CLANG_WARN_UNGUARDED_AVAILABILITY = YES_AGGRESSIVE;
				CLANG_WARN_UNREACHABLE_CODE = YES;
				CLANG_WARN__DUPLICATE_METHOD_MATCH = YES;
				CODE_SIGN_IDENTITY = "iPhone Developer";
				COPY_PHASE_STRIP = NO;
				DEBUG_INFORMATION_FORMAT = "dwarf-with-dsym";
				ENABLE_NS_ASSERTIONS = NO;
				ENABLE_STRICT_OBJC_MSGSEND = YES;
				GCC_C_LANGUAGE_STANDARD = gnu11;
				GCC_NO_COMMON_BLOCKS = YES;
				GCC_WARN_64_TO_32_BIT_CONVERSION = YES;
				GCC_WARN_ABOUT_RETURN_TYPE = YES_ERROR;
				GCC_WARN_UNDECLARED_SELECTOR = YES;
				GCC_WARN_UNINITIALIZED_AUTOS = YES_AGGRESSIVE;
				GCC_WARN_UNUSED_FUNCTION = YES;
				GCC_WARN_UNUSED_VARIABLE = YES;
				IPHONEOS_DEPLOYMENT_TARGET = 11.2;
				MTL_ENABLE_DEBUG_INFO = NO;
				SDKROOT = iphoneos;
				VALIDATE_PRODUCT = YES;
			};
			name = Release;
		};
		2F2E8B2921CDAC1800E70739 /* Debug */ = {
			isa = XCBuildConfiguration;
			buildSettings = {
				ASSETCATALOG_COMPILER_APPICON_NAME = AppIcon;
				CODE_SIGN_STYLE = Automatic;
				INFOPLIST_FILE = RGResizeImage/Info.plist;
				LD_RUNPATH_SEARCH_PATHS = "$(inherited) @executable_path/Frameworks";
				PRODUCT_BUNDLE_IDENTIFIER = yr.RGResizeImage;
				PRODUCT_NAME = "$(TARGET_NAME)";
				TARGETED_DEVICE_FAMILY = "1,2";
			};
			name = Debug;
		};
		2F2E8B2A21CDAC1800E70739 /* Release */ = {
			isa = XCBuildConfiguration;
			buildSettings = {
				ASSETCATALOG_COMPILER_APPICON_NAME = AppIcon;
				CODE_SIGN_STYLE = Automatic;
				INFOPLIST_FILE = RGResizeImage/Info.plist;
				LD_RUNPATH_SEARCH_PATHS = "$(inherited) @executable_path/Frameworks";
				PRODUCT_BUNDLE_IDENTIFIER = yr.RGResizeImage;
				PRODUCT_NAME = "$(TARGET_NAME)";
				TARGETED_DEVICE_FAMILY = "1,2";
			};
			name = Release;
		};
/* End XCBuildConfiguration section */

/* Begin XCConfigurationList section */
		2F2E8B0D21CDAC1800E70739 /* Build configuration list for PBXProject "RGResizeImage" */ = {
			isa = XCConfigurationList;
			buildConfigurations = (
				2F2E8B2621CDAC1800E70739 /* Debug */,
				2F2E8B2721CDAC1800E70739 /* Release */,
			);
			defaultConfigurationIsVisible = 0;
			defaultConfigurationName = Release;
		};
		2F2E8B2821CDAC1800E70739 /* Build configuration list for PBXNativeTarget "RGResizeImage" */ = {
			isa = XCConfigurationList;
			buildConfigurations = (
				2F2E8B2921CDAC1800E70739 /* Debug */,
				2F2E8B2A21CDAC1800E70739 /* Release */,
			);
			defaultConfigurationIsVisible = 0;
			defaultConfigurationName = Release;
		};
/* End XCConfigurationList section */
	};
	rootObject = 2F2E8B0A21CDAC1800E70739 /* Project object */;
}
